
Microsoft Visual Studio Solution File, Format Version 12.00
# Visual Studio Version 16
VisualStudioVersion = 16.0.30225.117
MinimumVisualStudioVersion = 10.0.40219.1
Project("{FAE04EC0-301F-11D3-BF4B-00C04F79EFBC}") = "QuantityMeasurement1", "QuantityMeasurement1\QuantityMeasurement1.csproj", "{5E8AFB9B-27A7-48E7-98DC-1EE4D4FE981A}"
EndProject
Project("{FAE04EC0-301F-11D3-BF4B-00C04F79EFBC}") = "QuantityMeasurement1Test", "QuantityMeasurement1Test\QuantityMeasurement1Test.csproj", "{CCADA9CB-E7A5-46F3-968F-BDC81D70BEC1}"
EndProject
Global
	GlobalSection(SolutionConfigurationPlatforms) = preSolution
		Debug|Any CPU = Debug|Any CPU
		Release|Any CPU = Release|Any CPU
	EndGlobalSection
	GlobalSection(ProjectConfigurationPlatforms) = postSolution
		{5E8AFB9B-27A7-48E7-98DC-1EE4D4FE981A}.Debug|Any CPU.ActiveCfg = Debug|Any CPU
		{5E8AFB9B-27A7-48E7-98DC-1EE4D4FE981A}.Debug|Any CPU.Build.0 = Debug|Any CPU
		{5E8AFB9B-27A7-48E7-98DC-1EE4D4FE981A}.Release|Any CPU.ActiveCfg = Release|Any CPU
		{5E8AFB9B-27A7-48E7-98DC-1EE4D4FE981A}.Release|Any CPU.Build.0 = Release|Any CPU
		{CCADA9CB-E7A5-46F3-968F-BDC81D70BEC1}.Debug|Any CPU.ActiveCfg = Debug|Any CPU
		{CCADA9CB-E7A5-46F3-968F-BDC81D70BEC1}.Debug|Any CPU.Build.0 = Debug|Any CPU
		{CCADA9CB-E7A5-46F3-968F-BDC81D70BEC1}.Release|Any CPU.ActiveCfg = Release|Any CPU
		{CCADA9CB-E7A5-46F3-968F-BDC81D70BEC1}.Release|Any CPU.Build.0 = Release|Any CPU
	EndGlobalSection
	GlobalSection(SolutionProperties) = preSolution
		HideSolutionNode = FALSE
	EndGlobalSection
	GlobalSection(ExtensibilityGlobals) = postSolution
		SolutionGuid = {20342C8C-E0A2-4F72-986C-2A18DF02973F}
	EndGlobalSection
EndGlobal
